// !$*UTF8*$!
{
	archiveVersion = 1;
	classes = {
	};
	objectVersion = 46;
	objects = {

/* Begin PBXBuildFile section */
		CA0867A61F416CC90019449C /* main.m in Sources */ = {isa = PBXBuildFile; fileRef = CA0867A51F416CC90019449C /* main.m */; };
		CA0867A91F416CC90019449C /* AppDelegate.m in Sources */ = {isa = PBXBuildFile; fileRef = CA0867A81F416CC90019449C /* AppDelegate.m */; };
		CA0867AC1F416CC90019449C /* ViewController.m in Sources */ = {isa = PBXBuildFile; fileRef = CA0867AB1F416CC90019449C /* ViewController.m */; };
		CA0867AF1F416CC90019449C /* Main.storyboard in Resources */ = {isa = PBXBuildFile; fileRef = CA0867AD1F416CC90019449C /* Main.storyboard */; };
		CA0867B11F416CC90019449C /* Assets.xcassets in Resources */ = {isa = PBXBuildFile; fileRef = CA0867B01F416CC90019449C /* Assets.xcassets */; };
		CA0867B41F416CC90019449C /* LaunchScreen.storyboard in Resources */ = {isa = PBXBuildFile; fileRef = CA0867B21F416CC90019449C /* LaunchScreen.storyboard */; };
		CA5778D21F416D6100669668 /* ExternalAccessory.framework in Frameworks */ = {isa = PBXBuildFile; fileRef = CA5778D11F416D6100669668 /* ExternalAccessory.framework */; };
		CA5778D41F416E1900669668 /* lib in Resources */ = {isa = PBXBuildFile; fileRef = CA5778D31F416E1900669668 /* lib */; };
		CA5778D61F416E2000669668 /* inc in Resources */ = {isa = PBXBuildFile; fileRef = CA5778D51F416E2000669668 /* inc */; };
		CA5778D81F416F4E00669668 /* libRscMgrUniv.a in Frameworks */ = {isa = PBXBuildFile; fileRef = CA5778D71F416F4E00669668 /* libRscMgrUniv.a */; };
/* End PBXBuildFile section */

/* Begin PBXFileReference section */
		CA0867A11F416CC90019449C /* EquipInfo.app */ = {isa = PBXFileReference; explicitFileType = wrapper.application; includeInIndex = 0; path = EquipInfo.app; sourceTree = BUILT_PRODUCTS_DIR; };
		CA0867A51F416CC90019449C /* main.m */ = {isa = PBXFileReference; lastKnownFileType = sourcecode.c.objc; path = main.m; sourceTree = "<group>"; };
		CA0867A71F416CC90019449C /* AppDelegate.h */ = {isa = PBXFileReference; lastKnownFileType = sourcecode.c.h; path = AppDelegate.h; sourceTree = "<group>"; };
		CA0867A81F416CC90019449C /* AppDelegate.m */ = {isa = PBXFileReference; lastKnownFileType = sourcecode.c.objc; path = AppDelegate.m; sourceTree = "<group>"; };
		CA0867AA1F416CC90019449C /* ViewController.h */ = {isa = PBXFileReference; lastKnownFileType = sourcecode.c.h; path = ViewController.h; sourceTree = "<group>"; };
		CA0867AB1F416CC90019449C /* ViewController.m */ = {isa = PBXFileReference; lastKnownFileType = sourcecode.c.objc; path = ViewController.m; sourceTree = "<group>"; };
		CA0867AE1F416CC90019449C /* Base */ = {isa = PBXFileReference; lastKnownFileType = file.storyboard; name = Base; path = Base.lproj/Main.storyboard; sourceTree = "<group>"; };
		CA0867B01F416CC90019449C /* Assets.xcassets */ = {isa = PBXFileReference; lastKnownFileType = folder.assetcatalog; path = Assets.xcassets; sourceTree = "<group>"; };
		CA0867B31F416CC90019449C /* Base */ = {isa = PBXFileReference; lastKnownFileType = file.storyboard; name = Base; path = Base.lproj/LaunchScreen.storyboard; sourceTree = "<group>"; };
		CA0867B51F416CC90019449C /* Info.plist */ = {isa = PBXFileReference; lastKnownFileType = text.plist.xml; path = Info.plist; sourceTree = "<group>"; };
		CA5778D11F416D6100669668 /* ExternalAccessory.framework */ = {isa = PBXFileReference; lastKnownFileType = wrapper.framework; name = ExternalAccessory.framework; path = System/Library/Frameworks/ExternalAccessory.framework; sourceTree = SDKROOT; };
		CA5778D31F416E1900669668 /* lib */ = {isa = PBXFileReference; lastKnownFileType = folder; path = lib; sourceTree = "<group>"; };
		CA5778D51F416E2000669668 /* inc */ = {isa = PBXFileReference; lastKnownFileType = folder; path = inc; sourceTree = "<group>"; };
		CA5778D71F416F4E00669668 /* libRscMgrUniv.a */ = {isa = PBXFileReference; lastKnownFileType = archive.ar; name = libRscMgrUniv.a; path = EquipInfo/lib/libRscMgrUniv.a; sourceTree = "<group>"; };
/* End PBXFileReference section */

/* Begin PBXFrameworksBuildPhase section */
		CA08679E1F416CC90019449C /* Frameworks */ = {
			isa = PBXFrameworksBuildPhase;
			buildActionMask = 2147483647;
			files = (
				CA5778D81F416F4E00669668 /* libRscMgrUniv.a in Frameworks */,
				CA5778D21F416D6100669668 /* ExternalAccessory.framework in Frameworks */,
			);
			runOnlyForDeploymentPostprocessing = 0;
		};
/* End PBXFrameworksBuildPhase section */

/* Begin PBXGroup section */
		CA0867981F416CC90019449C = {
			isa = PBXGroup;
			children = (
				CA0867A31F416CC90019449C /* EquipInfo */,
				CA0867A21F416CC90019449C /* Products */,
				CA5778D01F416D6100669668 /* Frameworks */,
			);
			sourceTree = "<group>";
		};
		CA0867A21F416CC90019449C /* Products */ = {
			isa = PBXGroup;
			children = (
				CA0867A11F416CC90019449C /* EquipInfo.app */,
			);
			name = Products;
			sourceTree = "<group>";
		};
		CA0867A31F416CC90019449C /* EquipInfo */ = {
			isa = PBXGroup;
			children = (
				CA0867A71F416CC90019449C /* AppDelegate.h */,
				CA0867A81F416CC90019449C /* AppDelegate.m */,
				CA0867AA1F416CC90019449C /* ViewController.h */,
				CA0867AB1F416CC90019449C /* ViewController.m */,
				CA0867AD1F416CC90019449C /* Main.storyboard */,
				CA0867B01F416CC90019449C /* Assets.xcassets */,
				CA0867B21F416CC90019449C /* LaunchScreen.storyboard */,
				CA0867B51F416CC90019449C /* Info.plist */,
				CA5778D51F416E2000669668 /* inc */,
				CA5778D31F416E1900669668 /* lib */,
				CA0867A41F416CC90019449C /* Supporting Files */,
			);
			path = EquipInfo;
			sourceTree = "<group>";
		};
		CA0867A41F416CC90019449C /* Supporting Files */ = {
			isa = PBXGroup;
			children = (
				CA0867A51F416CC90019449C /* main.m */,
			);
			name = "Supporting Files";
			sourceTree = "<group>";
		};
		CA5778D01F416D6100669668 /* Frameworks */ = {
			isa = PBXGroup;
			children = (
				CA5778D71F416F4E00669668 /* libRscMgrUniv.a */,
				CA5778D11F416D6100669668 /* ExternalAccessory.framework */,
			);
			name = Frameworks;
			sourceTree = "<group>";
		};
/* End PBXGroup section */

/* Begin PBXNativeTarget section */
		CA0867A01F416CC90019449C /* EquipInfo */ = {
			isa = PBXNativeTarget;
			buildConfigurationList = CA0867B81F416CC90019449C /* Build configuration list for PBXNativeTarget "EquipInfo" */;
			buildPhases = (
				CA08679D1F416CC90019449C /* Sources */,
				CA08679E1F416CC90019449C /* Frameworks */,
				CA08679F1F416CC90019449C /* Resources */,
			);
			buildRules = (
			);
			dependencies = (
			);
			name = EquipInfo;
			productName = EquipInfo;
			productReference = CA0867A11F416CC90019449C /* EquipInfo.app */;
			productType = "com.apple.product-type.application";
		};
/* End PBXNativeTarget section */

/* Begin PBXProject section */
		CA0867991F416CC90019449C /* Project object */ = {
			isa = PBXProject;
			attributes = {
				LastUpgradeCheck = 0830;
				ORGANIZATIONNAME = "syamaco";
				TargetAttributes = {
					CA0867A01F416CC90019449C = {
						CreatedOnToolsVersion = 8.3.3;
						DevelopmentTeam = K64RM5UY49;
						ProvisioningStyle = Automatic;
					};
				};
			};
			buildConfigurationList = CA08679C1F416CC90019449C /* Build configuration list for PBXProject "EquipInfo" */;
			compatibilityVersion = "Xcode 3.2";
			developmentRegion = English;
			hasScannedForEncodings = 0;
			knownRegions = (
				en,
				Base,
			);
			mainGroup = CA0867981F416CC90019449C;
			productRefGroup = CA0867A21F416CC90019449C /* Products */;
			projectDirPath = "";
			projectRoot = "";
			targets = (
				CA0867A01F416CC90019449C /* EquipInfo */,
			);
		};
/* End PBXProject section */

/* Begin PBXResourcesBuildPhase section */
		CA08679F1F416CC90019449C /* Resources */ = {
			isa = PBXResourcesBuildPhase;
			buildActionMask = 2147483647;
			files = (
				CA0867B41F416CC90019449C /* LaunchScreen.storyboard in Resources */,
				CA0867B11F416CC90019449C /* Assets.xcassets in Resources */,
				CA5778D61F416E2000669668 /* inc in Resources */,
				CA5778D41F416E1900669668 /* lib in Resources */,
				CA0867AF1F416CC90019449C /* Main.storyboard in Resources */,
			);
			runOnlyForDeploymentPostprocessing = 0;
		};
/* End PBXResourcesBuildPhase section */

/* Begin PBXSourcesBuildPhase section */
		CA08679D1F416CC90019449C /* Sources */ = {
			isa = PBXSourcesBuildPhase;
			buildActionMask = 2147483647;
			files = (
				CA0867AC1F416CC90019449C /* ViewController.m in Sources */,
				CA0867A91F416CC90019449C /* AppDelegate.m in Sources */,
				CA0867A61F416CC90019449C /* main.m in Sources */,
			);
			runOnlyForDeploymentPostprocessing = 0;
		};
/* End PBXSourcesBuildPhase section */

/* Begin PBXVariantGroup section */
		CA0867AD1F416CC90019449C /* Main.storyboard */ = {
			isa = PBXVariantGroup;
			children = (
				CA0867AE1F416CC90019449C /* Base */,
			);
			name = Main.storyboard;
			sourceTree = "<group>";
		};
		CA0867B21F416CC90019449C /* LaunchScreen.storyboard */ = {
			isa = PBXVariantGroup;
			children = (
				CA0867B31F416CC90019449C /* Base */,
			);
			name = LaunchScreen.storyboard;
			sourceTree = "<group>";
		};
/* End PBXVariantGroup section */

/* Begin XCBuildConfiguration section */
		CA0867B61F416CC90019449C /* Debug */ = {
			isa = XCBuildConfiguration;
			buildSettings = {
				ALWAYS_SEARCH_USER_PATHS = NO;
				CLANG_ANALYZER_NONNULL = YES;
				CLANG_ANALYZER_NUMBER_OBJECT_CONVERSION = YES_AGGRESSIVE;
				CLANG_CXX_LANGUAGE_STANDARD = "gnu++0x";
				CLANG_CXX_LIBRARY = "libc++";
				CLANG_ENABLE_MODULES = YES;
				CLANG_ENABLE_OBJC_ARC = YES;
				CLANG_WARN_BOOL_CONVERSION = YES;
				CLANG_WARN_CONSTANT_CONVERSION = YES;
				CLANG_WARN_DIRECT_OBJC_ISA_USAGE = YES_ERROR;
				CLANG_WARN_DOCUMENTATION_COMMENTS = YES;
				CLANG_WARN_EMPTY_BODY = YES;
				CLANG_WARN_ENUM_CONVERSION = YES;
				CLANG_WARN_INFINITE_RECURSION = YES;
				CLANG_WARN_INT_CONVERSION = YES;
				CLANG_WARN_OBJC_ROOT_CLASS = YES_ERROR;
				CLANG_WARN_SUSPICIOUS_MOVE = YES;
				CLANG_WARN_UNREACHABLE_CODE = YES;
				CLANG_WARN__DUPLICATE_METHOD_MATCH = YES;
				"CODE_SIGN_IDENTITY[sdk=iphoneos*]" = "iPhone Developer";
				COPY_PHASE_STRIP = NO;
				DEBUG_INFORMATION_FORMAT = dwarf;
				ENABLE_STRICT_OBJC_MSGSEND = YES;
				ENABLE_TESTABILITY = YES;
				GCC_C_LANGUAGE_STANDARD = gnu99;
				GCC_DYNAMIC_NO_PIC = NO;
				GCC_NO_COMMON_BLOCKS = YES;
				GCC_OPTIMIZATION_LEVEL = 0;
				GCC_PREPROCESSOR_DEFINITIONS = (
					"DEBUG=1",
					"$(inherited)",
				);
				GCC_WARN_64_TO_32_BIT_CONVERSION = YES;
				GCC_WARN_ABOUT_RETURN_TYPE = YES_ERROR;
				GCC_WARN_UNDECLARED_SELECTOR = YES;
				GCC_WARN_UNINITIALIZED_AUTOS = YES_AGGRESSIVE;
				GCC_WARN_UNUSED_FUNCTION = YES;
				GCC_WARN_UNUSED_VARIABLE = YES;
				IPHONEOS_DEPLOYMENT_TARGET = 10.3;
				MTL_ENABLE_DEBUG_INFO = YES;
				ONLY_ACTIVE_ARCH = YES;
				SDKROOT = iphoneos;
			};
			name = Debug;
		};
		CA0867B71F416CC90019449C /* Release */ = {
			isa = XCBuildConfiguration;
			buildSettings = {
				ALWAYS_SEARCH_USER_PATHS = NO;
				CLANG_ANALYZER_NONNULL = YES;
				CLANG_ANALYZER_NUMBER_OBJECT_CONVERSION = YES_AGGRESSIVE;
				CLANG_CXX_LANGUAGE_STANDARD = "gnu++0x";
				CLANG_CXX_LIBRARY = "libc++";
				CLANG_ENABLE_MODULES = YES;
				CLANG_ENABLE_OBJC_ARC = YES;
				CLANG_WARN_BOOL_CONVERSION = YES;
				CLANG_WARN_CONSTANT_CONVERSION = YES;
				CLANG_WARN_DIRECT_OBJC_ISA_USAGE = YES_ERROR;
				CLANG_WARN_DOCUMENTATION_COMMENTS = YES;
				CLANG_WARN_EMPTY_BODY = YES;
				CLANG_WARN_ENUM_CONVERSION = YES;
				CLANG_WARN_INFINITE_RECURSION = YES;
				CLANG_WARN_INT_CONVERSION = YES;
				CLANG_WARN_OBJC_ROOT_CLASS = YES_ERROR;
				CLANG_WARN_SUSPICIOUS_MOVE = YES;
				CLANG_WARN_UNREACHABLE_CODE = YES;
				CLANG_WARN__DUPLICATE_METHOD_MATCH = YES;
				"CODE_SIGN_IDENTITY[sdk=iphoneos*]" = "iPhone Developer";
				COPY_PHASE_STRIP = NO;
				DEBUG_INFORMATION_FORMAT = "dwarf-with-dsym";
				ENABLE_NS_ASSERTIONS = NO;
				ENABLE_STRICT_OBJC_MSGSEND = YES;
				GCC_C_LANGUAGE_STANDARD = gnu99;
				GCC_NO_COMMON_BLOCKS = YES;
				GCC_WARN_64_TO_32_BIT_CONVERSION = YES;
				GCC_WARN_ABOUT_RETURN_TYPE = YES_ERROR;
				GCC_WARN_UNDECLARED_SELECTOR = YES;
				GCC_WARN_UNINITIALIZED_AUTOS = YES_AGGRESSIVE;
				GCC_WARN_UNUSED_FUNCTION = YES;
				GCC_WARN_UNUSED_VARIABLE = YES;
				IPHONEOS_DEPLOYMENT_TARGET = 10.3;
				MTL_ENABLE_DEBUG_INFO = NO;
				SDKROOT = iphoneos;
				VALIDATE_PRODUCT = YES;
			};
			name = Release;
		};
		CA0867B91F416CC90019449C /* Debug */ = {
			isa = XCBuildConfiguration;
			buildSettings = {
				ASSETCATALOG_COMPILER_APPICON_NAME = AppIcon;
				DEVELOPMENT_TEAM = K64RM5UY49;
				INFOPLIST_FILE = EquipInfo/Info.plist;
				LD_RUNPATH_SEARCH_PATHS = "$(inherited) @executable_path/Frameworks";
				LIBRARY_SEARCH_PATHS = (
					"$(inherited)",
					"$(PROJECT_DIR)/EquipInfo/lib",
				);
				PRODUCT_BUNDLE_IDENTIFIER = "syamaco.EquipInfo";
				PRODUCT_NAME = "$(TARGET_NAME)";
			};
			name = Debug;
		};
		CA0867BA1F416CC90019449C /* Release */ = {
			isa = XCBuildConfiguration;
			buildSettings = {
				ASSETCATALOG_COMPILER_APPICON_NAME = AppIcon;
				DEVELOPMENT_TEAM = K64RM5UY49;
				INFOPLIST_FILE = EquipInfo/Info.plist;
				LD_RUNPATH_SEARCH_PATHS = "$(inherited) @executable_path/Frameworks";
				LIBRARY_SEARCH_PATHS = (
					"$(inherited)",
					"$(PROJECT_DIR)/EquipInfo/lib",
				);
				PRODUCT_BUNDLE_IDENTIFIER = "syamaco.EquipInfo";
				PRODUCT_NAME = "$(TARGET_NAME)";
			};
			name = Release;
		};
/* End XCBuildConfiguration section */

/* Begin XCConfigurationList section */
		CA08679C1F416CC90019449C /* Build configuration list for PBXProject "EquipInfo" */ = {
			isa = XCConfigurationList;
			buildConfigurations = (
				CA0867B61F416CC90019449C /* Debug */,
				CA0867B71F416CC90019449C /* Release */,
			);
			defaultConfigurationIsVisible = 0;
			defaultConfigurationName = Release;
		};
		CA0867B81F416CC90019449C /* Build configuration list for PBXNativeTarget "EquipInfo" */ = {
			isa = XCConfigurationList;
			buildConfigurations = (
				CA0867B91F416CC90019449C /* Debug */,
				CA0867BA1F416CC90019449C /* Release */,
			);
			defaultConfigurationIsVisible = 0;
			defaultConfigurationName = Release;
		};
/* End XCConfigurationList section */
	};
	rootObject = CA0867991F416CC90019449C /* Project object */;
}
